
Microsoft Visual Studio Solution File, Format Version 12.00
# Visual Studio 15
VisualStudioVersion = 15.0.27004.2008
MinimumVisualStudioVersion = 10.0.40219.1
Project("{FAE04EC0-301F-11D3-BF4B-00C04F79EFBC}") = "LeonUI", "LeonUI\LeonUI.csproj", "{3602016A-9AC0-468D-A01D-0B497F230ED5}"
EndProject
Project("{FAE04EC0-301F-11D3-BF4B-00C04F79EFBC}") = "LeonUITests", "LeonUITests\LeonUITests.csproj", "{2A02310F-B579-47CA-9D02-0C3409E597D6}"
EndProject
Global
	GlobalSection(SolutionConfigurationPlatforms) = preSolution
		Debug|Any CPU = Debug|Any CPU
		Release|Any CPU = Release|Any CPU
	EndGlobalSection
	GlobalSection(ProjectConfigurationPlatforms) = postSolution
		{3602016A-9AC0-468D-A01D-0B497F230ED5}.Debug|Any CPU.ActiveCfg = Debug|Any CPU
		{3602016A-9AC0-468D-A01D-0B497F230ED5}.Debug|Any CPU.Build.0 = Debug|Any CPU
		{3602016A-9AC0-468D-A01D-0B497F230ED5}.Release|Any CPU.ActiveCfg = Release|Any CPU
		{3602016A-9AC0-468D-A01D-0B497F230ED5}.Release|Any CPU.Build.0 = Release|Any CPU
		{2A02310F-B579-47CA-9D02-0C3409E597D6}.Debug|Any CPU.ActiveCfg = Debug|Any CPU
		{2A02310F-B579-47CA-9D02-0C3409E597D6}.Debug|Any CPU.Build.0 = Debug|Any CPU
		{2A02310F-B579-47CA-9D02-0C3409E597D6}.Release|Any CPU.ActiveCfg = Release|Any CPU
		{2A02310F-B579-47CA-9D02-0C3409E597D6}.Release|Any CPU.Build.0 = Release|Any CPU
	EndGlobalSection
	GlobalSection(SolutionProperties) = preSolution
		HideSolutionNode = FALSE
	EndGlobalSection
	GlobalSection(ExtensibilityGlobals) = postSolution
		SolutionGuid = {49A975C5-7B18-4F3B-88A0-27B489DE531F}
	EndGlobalSection
EndGlobal
